
Microsoft Visual Studio Solution File, Format Version 12.00
# Visual Studio Version 16
VisualStudioVersion = 16.0.32106.194
MinimumVisualStudioVersion = 10.0.40219.1
Project("{FAE04EC0-301F-11D3-BF4B-00C04F79EFBC}") = "EpicorExcelData", "EpicorExcelData\EpicorExcelData.csproj", "{C806F1A2-0A42-46A5-BCBC-C1804A0F1387}"
EndProject
Global
	GlobalSection(SolutionConfigurationPlatforms) = preSolution
		Debug|Any CPU = Debug|Any CPU
		Release|Any CPU = Release|Any CPU
	EndGlobalSection
	GlobalSection(ProjectConfigurationPlatforms) = postSolution
		{C806F1A2-0A42-46A5-BCBC-C1804A0F1387}.Debug|Any CPU.ActiveCfg = Debug|Any CPU
		{C806F1A2-0A42-46A5-BCBC-C1804A0F1387}.Debug|Any CPU.Build.0 = Debug|Any CPU
		{C806F1A2-0A42-46A5-BCBC-C1804A0F1387}.Release|Any CPU.ActiveCfg = Release|Any CPU
		{C806F1A2-0A42-46A5-BCBC-C1804A0F1387}.Release|Any CPU.Build.0 = Release|Any CPU
	EndGlobalSection
	GlobalSection(SolutionProperties) = preSolution
		HideSolutionNode = FALSE
	EndGlobalSection
	GlobalSection(ExtensibilityGlobals) = postSolution
		SolutionGuid = {B061BC66-0CB3-4E19-878A-63CA203D3D47}
	EndGlobalSection
EndGlobal
